
Microsoft Visual Studio Solution File, Format Version 12.00
# Visual Studio Version 17
VisualStudioVersion = 17.6.33723.286
MinimumVisualStudioVersion = 10.0.40219.1
Project("{FAE04EC0-301F-11D3-BF4B-00C04F79EFBC}") = "ProgramInputNilaiSiswa", "ProgramInputNilaiSiswa.csproj", "{88A8E2BB-284D-4917-A85D-151FA1960357}"
EndProject
Global
	GlobalSection(SolutionConfigurationPlatforms) = preSolution
		Debug|Any CPU = Debug|Any CPU
		Release|Any CPU = Release|Any CPU
	EndGlobalSection
	GlobalSection(ProjectConfigurationPlatforms) = postSolution
		{88A8E2BB-284D-4917-A85D-151FA1960357}.Debug|Any CPU.ActiveCfg = Debug|Any CPU
		{88A8E2BB-284D-4917-A85D-151FA1960357}.Debug|Any CPU.Build.0 = Debug|Any CPU
		{88A8E2BB-284D-4917-A85D-151FA1960357}.Release|Any CPU.ActiveCfg = Release|Any CPU
		{88A8E2BB-284D-4917-A85D-151FA1960357}.Release|Any CPU.Build.0 = Release|Any CPU
	EndGlobalSection
	GlobalSection(SolutionProperties) = preSolution
		HideSolutionNode = FALSE
	EndGlobalSection
	GlobalSection(ExtensibilityGlobals) = postSolution
		SolutionGuid = {84929179-734F-4E1F-9880-897D11C09D3A}
	EndGlobalSection
EndGlobal
